
Microsoft Visual Studio Solution File, Format Version 12.00
# Visual Studio Version 17
VisualStudioVersion = 17.1.32228.430
MinimumVisualStudioVersion = 10.0.40219.1
Project("{FAE04EC0-301F-11D3-BF4B-00C04F79EFBC}") = "TesteBuscaArquivo", "TesteBuscaArquivo\TesteBuscaArquivo.csproj", "{903AE2EE-BA57-44AD-99AD-A0F993B76207}"
EndProject
Global
	GlobalSection(SolutionConfigurationPlatforms) = preSolution
		Debug|Any CPU = Debug|Any CPU
		Release|Any CPU = Release|Any CPU
	EndGlobalSection
	GlobalSection(ProjectConfigurationPlatforms) = postSolution
		{903AE2EE-BA57-44AD-99AD-A0F993B76207}.Debug|Any CPU.ActiveCfg = Debug|Any CPU
		{903AE2EE-BA57-44AD-99AD-A0F993B76207}.Debug|Any CPU.Build.0 = Debug|Any CPU
		{903AE2EE-BA57-44AD-99AD-A0F993B76207}.Release|Any CPU.ActiveCfg = Release|Any CPU
		{903AE2EE-BA57-44AD-99AD-A0F993B76207}.Release|Any CPU.Build.0 = Release|Any CPU
	EndGlobalSection
	GlobalSection(SolutionProperties) = preSolution
		HideSolutionNode = FALSE
	EndGlobalSection
	GlobalSection(ExtensibilityGlobals) = postSolution
		SolutionGuid = {34086B14-685E-4E48-8A81-0F686B2D528E}
	EndGlobalSection
EndGlobal
